
Microsoft Visual Studio Solution File, Format Version 12.00
# Visual Studio Version 16
VisualStudioVersion = 16.0.32106.194
MinimumVisualStudioVersion = 10.0.40219.1
Project("{FAE04EC0-301F-11D3-BF4B-00C04F79EFBC}") = "methodClassAssignment", "methodClassAssignment\methodClassAssignment.csproj", "{5CCC9E73-9E2D-4157-A5EE-D2D2F4EB8CAD}"
EndProject
Global
	GlobalSection(SolutionConfigurationPlatforms) = preSolution
		Debug|Any CPU = Debug|Any CPU
		Release|Any CPU = Release|Any CPU
	EndGlobalSection
	GlobalSection(ProjectConfigurationPlatforms) = postSolution
		{5CCC9E73-9E2D-4157-A5EE-D2D2F4EB8CAD}.Debug|Any CPU.ActiveCfg = Debug|Any CPU
		{5CCC9E73-9E2D-4157-A5EE-D2D2F4EB8CAD}.Debug|Any CPU.Build.0 = Debug|Any CPU
		{5CCC9E73-9E2D-4157-A5EE-D2D2F4EB8CAD}.Release|Any CPU.ActiveCfg = Release|Any CPU
		{5CCC9E73-9E2D-4157-A5EE-D2D2F4EB8CAD}.Release|Any CPU.Build.0 = Release|Any CPU
	EndGlobalSection
	GlobalSection(SolutionProperties) = preSolution
		HideSolutionNode = FALSE
	EndGlobalSection
	GlobalSection(ExtensibilityGlobals) = postSolution
		SolutionGuid = {60FDE0E0-FE37-42BC-8757-0AE5632E3A52}
	EndGlobalSection
EndGlobal
