
Microsoft Visual Studio Solution File, Format Version 12.00
# Visual Studio Version 16
VisualStudioVersion = 16.0.32106.194
MinimumVisualStudioVersion = 10.0.40219.1
Project("{FAE04EC0-301F-11D3-BF4B-00C04F79EFBC}") = "Loops", "Loops\Loops.csproj", "{48763BB4-F99E-4E64-B305-5F4156E203C6}"
EndProject
Global
	GlobalSection(SolutionConfigurationPlatforms) = preSolution
		Debug|Any CPU = Debug|Any CPU
		Release|Any CPU = Release|Any CPU
	EndGlobalSection
	GlobalSection(ProjectConfigurationPlatforms) = postSolution
		{48763BB4-F99E-4E64-B305-5F4156E203C6}.Debug|Any CPU.ActiveCfg = Debug|Any CPU
		{48763BB4-F99E-4E64-B305-5F4156E203C6}.Debug|Any CPU.Build.0 = Debug|Any CPU
		{48763BB4-F99E-4E64-B305-5F4156E203C6}.Release|Any CPU.ActiveCfg = Release|Any CPU
		{48763BB4-F99E-4E64-B305-5F4156E203C6}.Release|Any CPU.Build.0 = Release|Any CPU
	EndGlobalSection
	GlobalSection(SolutionProperties) = preSolution
		HideSolutionNode = FALSE
	EndGlobalSection
	GlobalSection(ExtensibilityGlobals) = postSolution
		SolutionGuid = {D7E26548-E534-4117-A045-BDB24BF4935A}
	EndGlobalSection
EndGlobal
