
Microsoft Visual Studio Solution File, Format Version 12.00
# Visual Studio Version 16
VisualStudioVersion = 16.0.32106.194
MinimumVisualStudioVersion = 10.0.40219.1
Project("{FAE04EC0-301F-11D3-BF4B-00C04F79EFBC}") = "classSubmissionAssignment", "classSubmissionAssignment\classSubmissionAssignment.csproj", "{AE1DD614-054A-4CF3-96CA-7A5B37D84C41}"
EndProject
Global
	GlobalSection(SolutionConfigurationPlatforms) = preSolution
		Debug|Any CPU = Debug|Any CPU
		Release|Any CPU = Release|Any CPU
	EndGlobalSection
	GlobalSection(ProjectConfigurationPlatforms) = postSolution
		{AE1DD614-054A-4CF3-96CA-7A5B37D84C41}.Debug|Any CPU.ActiveCfg = Debug|Any CPU
		{AE1DD614-054A-4CF3-96CA-7A5B37D84C41}.Debug|Any CPU.Build.0 = Debug|Any CPU
		{AE1DD614-054A-4CF3-96CA-7A5B37D84C41}.Release|Any CPU.ActiveCfg = Release|Any CPU
		{AE1DD614-054A-4CF3-96CA-7A5B37D84C41}.Release|Any CPU.Build.0 = Release|Any CPU
	EndGlobalSection
	GlobalSection(SolutionProperties) = preSolution
		HideSolutionNode = FALSE
	EndGlobalSection
	GlobalSection(ExtensibilityGlobals) = postSolution
		SolutionGuid = {D038D578-AD45-41A9-BF81-83CD17D32789}
	EndGlobalSection
EndGlobal
